
Microsoft Visual Studio Solution File, Format Version 12.00
# Visual Studio Version 17
VisualStudioVersion = 17.5.002.0
MinimumVisualStudioVersion = 10.0.40219.1
Project("{9A19103F-16F7-4668-BE54-9A1E7A4F7556}") = "LoyaltyCardsWebApi", "LoyaltyCardsWebApi.API\LoyaltyCardsWebApi.API.csproj", "{A921910B-6B2E-4976-B900-E3C2F0FC2EF2}"
EndProject
Global
	GlobalSection(SolutionConfigurationPlatforms) = preSolution
		Debug|Any CPU = Debug|Any CPU
		Release|Any CPU = Release|Any CPU
	EndGlobalSection
	GlobalSection(ProjectConfigurationPlatforms) = postSolution
		{A921910B-6B2E-4976-B900-E3C2F0FC2EF2}.Debug|Any CPU.ActiveCfg = Debug|Any CPU
		{A921910B-6B2E-4976-B900-E3C2F0FC2EF2}.Debug|Any CPU.Build.0 = Debug|Any CPU
		{A921910B-6B2E-4976-B900-E3C2F0FC2EF2}.Release|Any CPU.ActiveCfg = Release|Any CPU
		{A921910B-6B2E-4976-B900-E3C2F0FC2EF2}.Release|Any CPU.Build.0 = Release|Any CPU
	EndGlobalSection
	GlobalSection(SolutionProperties) = preSolution
		HideSolutionNode = FALSE
	EndGlobalSection
	GlobalSection(ExtensibilityGlobals) = postSolution
		SolutionGuid = {9AFC339E-1DFA-4BA0-A532-5C8D10C47772}
	EndGlobalSection
EndGlobal
